
Microsoft Visual Studio Solution File, Format Version 12.00
# Visual Studio 14
VisualStudioVersion = 14.0.25420.1
MinimumVisualStudioVersion = 10.0.40219.1
Project("{FAE04EC0-301F-11D3-BF4B-00C04F79EFBC}") = "HW12-1_1031436", "HW12-1_1031436\HW12-1_1031436.csproj", "{DD8302CF-3350-4BB7-B7EA-8A45976308D7}"
EndProject
Global
	GlobalSection(SolutionConfigurationPlatforms) = preSolution
		Debug|Any CPU = Debug|Any CPU
		Release|Any CPU = Release|Any CPU
	EndGlobalSection
	GlobalSection(ProjectConfigurationPlatforms) = postSolution
		{DD8302CF-3350-4BB7-B7EA-8A45976308D7}.Debug|Any CPU.ActiveCfg = Debug|Any CPU
		{DD8302CF-3350-4BB7-B7EA-8A45976308D7}.Debug|Any CPU.Build.0 = Debug|Any CPU
		{DD8302CF-3350-4BB7-B7EA-8A45976308D7}.Release|Any CPU.ActiveCfg = Release|Any CPU
		{DD8302CF-3350-4BB7-B7EA-8A45976308D7}.Release|Any CPU.Build.0 = Release|Any CPU
	EndGlobalSection
	GlobalSection(SolutionProperties) = preSolution
		HideSolutionNode = FALSE
	EndGlobalSection
EndGlobal
